
Microsoft Visual Studio Solution File, Format Version 12.00
# Visual Studio Version 17
VisualStudioVersion = 17.4.33122.133
MinimumVisualStudioVersion = 10.0.40219.1
Project("{FAE04EC0-301F-11D3-BF4B-00C04F79EFBC}") = "DinoMenu", "DinoMenu.csproj", "{03D2D3F2-BBDB-4640-841F-504A4AE77107}"
EndProject
Global
	GlobalSection(SolutionConfigurationPlatforms) = preSolution
		Debug|Any CPU = Debug|Any CPU
		Release|Any CPU = Release|Any CPU
	EndGlobalSection
	GlobalSection(ProjectConfigurationPlatforms) = postSolution
		{03D2D3F2-BBDB-4640-841F-504A4AE77107}.Debug|Any CPU.ActiveCfg = Debug|Any CPU
		{03D2D3F2-BBDB-4640-841F-504A4AE77107}.Debug|Any CPU.Build.0 = Debug|Any CPU
		{03D2D3F2-BBDB-4640-841F-504A4AE77107}.Release|Any CPU.ActiveCfg = Release|Any CPU
		{03D2D3F2-BBDB-4640-841F-504A4AE77107}.Release|Any CPU.Build.0 = Release|Any CPU
	EndGlobalSection
	GlobalSection(SolutionProperties) = preSolution
		HideSolutionNode = FALSE
	EndGlobalSection
	GlobalSection(ExtensibilityGlobals) = postSolution
		SolutionGuid = {9A0381C0-E498-4A4F-BFAF-9A4C9596802D}
	EndGlobalSection
EndGlobal
